// !$*UTF8*$!
{
	archiveVersion = 1;
	classes = {
	};
	objectVersion = 55;
	objects = {

/* Begin PBXBuildFile section */
		61512A2327D5FE0D005B3477 /* AppDelegate.swift in Sources */ = {isa = PBXBuildFile; fileRef = 61512A2227D5FE0D005B3477 /* AppDelegate.swift */; };
		61512A2527D5FE0D005B3477 /* SceneDelegate.swift in Sources */ = {isa = PBXBuildFile; fileRef = 61512A2427D5FE0D005B3477 /* SceneDelegate.swift */; };
		61512A2A27D5FE0D005B3477 /* Main.storyboard in Resources */ = {isa = PBXBuildFile; fileRef = 61512A2827D5FE0D005B3477 /* Main.storyboard */; };
		61512A2C27D5FE0E005B3477 /* Assets.xcassets in Resources */ = {isa = PBXBuildFile; fileRef = 61512A2B27D5FE0E005B3477 /* Assets.xcassets */; };
		61512A2F27D5FE0E005B3477 /* LaunchScreen.storyboard in Resources */ = {isa = PBXBuildFile; fileRef = 61512A2D27D5FE0E005B3477 /* LaunchScreen.storyboard */; };
		61512A4127D5FE2F005B3477 /* ViewController.swift in Sources */ = {isa = PBXBuildFile; fileRef = 61512A3727D5FE2F005B3477 /* ViewController.swift */; };
		61512A4227D5FE2F005B3477 /* AController.swift in Sources */ = {isa = PBXBuildFile; fileRef = 61512A3827D5FE2F005B3477 /* AController.swift */; };
		61512A4327D5FE2F005B3477 /* BController.swift in Sources */ = {isa = PBXBuildFile; fileRef = 61512A3927D5FE2F005B3477 /* BController.swift */; };
		61512A4427D5FE2F005B3477 /* MVCManager.swift in Sources */ = {isa = PBXBuildFile; fileRef = 61512A3B27D5FE2F005B3477 /* MVCManager.swift */; };
		61512A4527D5FE2F005B3477 /* MVCProtocol.swift in Sources */ = {isa = PBXBuildFile; fileRef = 61512A3C27D5FE2F005B3477 /* MVCProtocol.swift */; };
		61512A4627D5FE2F005B3477 /* BView.swift in Sources */ = {isa = PBXBuildFile; fileRef = 61512A3E27D5FE2F005B3477 /* BView.swift */; };
		61512A4727D5FE2F005B3477 /* XXView.swift in Sources */ = {isa = PBXBuildFile; fileRef = 61512A3F27D5FE2F005B3477 /* XXView.swift */; };
		61512A4827D5FE2F005B3477 /* AView.swift in Sources */ = {isa = PBXBuildFile; fileRef = 61512A4027D5FE2F005B3477 /* AView.swift */; };
/* End PBXBuildFile section */

/* Begin PBXFileReference section */
		61512A1F27D5FE0D005B3477 /* MVCManager.app */ = {isa = PBXFileReference; explicitFileType = wrapper.application; includeInIndex = 0; path = MVCManager.app; sourceTree = BUILT_PRODUCTS_DIR; };
		61512A2227D5FE0D005B3477 /* AppDelegate.swift */ = {isa = PBXFileReference; lastKnownFileType = sourcecode.swift; path = AppDelegate.swift; sourceTree = "<group>"; };
		61512A2427D5FE0D005B3477 /* SceneDelegate.swift */ = {isa = PBXFileReference; lastKnownFileType = sourcecode.swift; path = SceneDelegate.swift; sourceTree = "<group>"; };
		61512A2927D5FE0D005B3477 /* Base */ = {isa = PBXFileReference; lastKnownFileType = file.storyboard; name = Base; path = Base.lproj/Main.storyboard; sourceTree = "<group>"; };
		61512A2B27D5FE0E005B3477 /* Assets.xcassets */ = {isa = PBXFileReference; lastKnownFileType = folder.assetcatalog; path = Assets.xcassets; sourceTree = "<group>"; };
		61512A2E27D5FE0E005B3477 /* Base */ = {isa = PBXFileReference; lastKnownFileType = file.storyboard; name = Base; path = Base.lproj/LaunchScreen.storyboard; sourceTree = "<group>"; };
		61512A3027D5FE0E005B3477 /* Info.plist */ = {isa = PBXFileReference; lastKnownFileType = text.plist.xml; path = Info.plist; sourceTree = "<group>"; };
		61512A3727D5FE2F005B3477 /* ViewController.swift */ = {isa = PBXFileReference; fileEncoding = 4; lastKnownFileType = sourcecode.swift; path = ViewController.swift; sourceTree = "<group>"; };
		61512A3827D5FE2F005B3477 /* AController.swift */ = {isa = PBXFileReference; fileEncoding = 4; lastKnownFileType = sourcecode.swift; path = AController.swift; sourceTree = "<group>"; };
		61512A3927D5FE2F005B3477 /* BController.swift */ = {isa = PBXFileReference; fileEncoding = 4; lastKnownFileType = sourcecode.swift; path = BController.swift; sourceTree = "<group>"; };
		61512A3B27D5FE2F005B3477 /* MVCManager.swift */ = {isa = PBXFileReference; fileEncoding = 4; lastKnownFileType = sourcecode.swift; path = MVCManager.swift; sourceTree = "<group>"; };
		61512A3C27D5FE2F005B3477 /* MVCProtocol.swift */ = {isa = PBXFileReference; fileEncoding = 4; lastKnownFileType = sourcecode.swift; path = MVCProtocol.swift; sourceTree = "<group>"; };
		61512A3E27D5FE2F005B3477 /* BView.swift */ = {isa = PBXFileReference; fileEncoding = 4; lastKnownFileType = sourcecode.swift; path = BView.swift; sourceTree = "<group>"; };
		61512A3F27D5FE2F005B3477 /* XXView.swift */ = {isa = PBXFileReference; fileEncoding = 4; lastKnownFileType = sourcecode.swift; path = XXView.swift; sourceTree = "<group>"; };
		61512A4027D5FE2F005B3477 /* AView.swift */ = {isa = PBXFileReference; fileEncoding = 4; lastKnownFileType = sourcecode.swift; path = AView.swift; sourceTree = "<group>"; };
/* End PBXFileReference section */

/* Begin PBXFrameworksBuildPhase section */
		61512A1C27D5FE0D005B3477 /* Frameworks */ = {
			isa = PBXFrameworksBuildPhase;
			buildActionMask = 2147483647;
			files = (
			);
			runOnlyForDeploymentPostprocessing = 0;
		};
/* End PBXFrameworksBuildPhase section */

/* Begin PBXGroup section */
		61512A1627D5FE0D005B3477 = {
			isa = PBXGroup;
			children = (
				61512A2127D5FE0D005B3477 /* MVCManager */,
				61512A2027D5FE0D005B3477 /* Products */,
			);
			sourceTree = "<group>";
		};
		61512A2027D5FE0D005B3477 /* Products */ = {
			isa = PBXGroup;
			children = (
				61512A1F27D5FE0D005B3477 /* MVCManager.app */,
			);
			name = Products;
			sourceTree = "<group>";
		};
		61512A2127D5FE0D005B3477 /* MVCManager */ = {
			isa = PBXGroup;
			children = (
				61512A3627D5FE2F005B3477 /* Controllers */,
				61512A3A27D5FE2F005B3477 /* MVCManager */,
				61512A3D27D5FE2F005B3477 /* Views */,
				61512A2227D5FE0D005B3477 /* AppDelegate.swift */,
				61512A2427D5FE0D005B3477 /* SceneDelegate.swift */,
				61512A2827D5FE0D005B3477 /* Main.storyboard */,
				61512A2B27D5FE0E005B3477 /* Assets.xcassets */,
				61512A2D27D5FE0E005B3477 /* LaunchScreen.storyboard */,
				61512A3027D5FE0E005B3477 /* Info.plist */,
			);
			path = MVCManager;
			sourceTree = "<group>";
		};
		61512A3627D5FE2F005B3477 /* Controllers */ = {
			isa = PBXGroup;
			children = (
				61512A3727D5FE2F005B3477 /* ViewController.swift */,
				61512A3827D5FE2F005B3477 /* AController.swift */,
				61512A3927D5FE2F005B3477 /* BController.swift */,
			);
			path = Controllers;
			sourceTree = "<group>";
		};
		61512A3A27D5FE2F005B3477 /* MVCManager */ = {
			isa = PBXGroup;
			children = (
				61512A3B27D5FE2F005B3477 /* MVCManager.swift */,
				61512A3C27D5FE2F005B3477 /* MVCProtocol.swift */,
			);
			path = MVCManager;
			sourceTree = "<group>";
		};
		61512A3D27D5FE2F005B3477 /* Views */ = {
			isa = PBXGroup;
			children = (
				61512A3E27D5FE2F005B3477 /* BView.swift */,
				61512A3F27D5FE2F005B3477 /* XXView.swift */,
				61512A4027D5FE2F005B3477 /* AView.swift */,
			);
			path = Views;
			sourceTree = "<group>";
		};
/* End PBXGroup section */

/* Begin PBXNativeTarget section */
		61512A1E27D5FE0D005B3477 /* MVCManager */ = {
			isa = PBXNativeTarget;
			buildConfigurationList = 61512A3327D5FE0E005B3477 /* Build configuration list for PBXNativeTarget "MVCManager" */;
			buildPhases = (
				61512A1B27D5FE0D005B3477 /* Sources */,
				61512A1C27D5FE0D005B3477 /* Frameworks */,
				61512A1D27D5FE0D005B3477 /* Resources */,
			);
			buildRules = (
			);
			dependencies = (
			);
			name = MVCManager;
			productName = MVCManager;
			productReference = 61512A1F27D5FE0D005B3477 /* MVCManager.app */;
			productType = "com.apple.product-type.application";
		};
/* End PBXNativeTarget section */

/* Begin PBXProject section */
		61512A1727D5FE0D005B3477 /* Project object */ = {
			isa = PBXProject;
			attributes = {
				BuildIndependentTargetsInParallel = 1;
				LastSwiftUpdateCheck = 1320;
				LastUpgradeCheck = 1320;
				TargetAttributes = {
					61512A1E27D5FE0D005B3477 = {
						CreatedOnToolsVersion = 13.2.1;
					};
				};
			};
			buildConfigurationList = 61512A1A27D5FE0D005B3477 /* Build configuration list for PBXProject "MVCManager" */;
			compatibilityVersion = "Xcode 13.0";
			developmentRegion = en;
			hasScannedForEncodings = 0;
			knownRegions = (
				en,
				Base,
			);
			mainGroup = 61512A1627D5FE0D005B3477;
			productRefGroup = 61512A2027D5FE0D005B3477 /* Products */;
			projectDirPath = "";
			projectRoot = "";
			targets = (
				61512A1E27D5FE0D005B3477 /* MVCManager */,
			);
		};
/* End PBXProject section */

/* Begin PBXResourcesBuildPhase section */
		61512A1D27D5FE0D005B3477 /* Resources */ = {
			isa = PBXResourcesBuildPhase;
			buildActionMask = 2147483647;
			files = (
				61512A2F27D5FE0E005B3477 /* LaunchScreen.storyboard in Resources */,
				61512A2C27D5FE0E005B3477 /* Assets.xcassets in Resources */,
				61512A2A27D5FE0D005B3477 /* Main.storyboard in Resources */,
			);
			runOnlyForDeploymentPostprocessing = 0;
		};
/* End PBXResourcesBuildPhase section */

/* Begin PBXSourcesBuildPhase section */
		61512A1B27D5FE0D005B3477 /* Sources */ = {
			isa = PBXSourcesBuildPhase;
			buildActionMask = 2147483647;
			files = (
				61512A4827D5FE2F005B3477 /* AView.swift in Sources */,
				61512A4627D5FE2F005B3477 /* BView.swift in Sources */,
				61512A4427D5FE2F005B3477 /* MVCManager.swift in Sources */,
				61512A4227D5FE2F005B3477 /* AController.swift in Sources */,
				61512A2327D5FE0D005B3477 /* AppDelegate.swift in Sources */,
				61512A4527D5FE2F005B3477 /* MVCProtocol.swift in Sources */,
				61512A4727D5FE2F005B3477 /* XXView.swift in Sources */,
				61512A4127D5FE2F005B3477 /* ViewController.swift in Sources */,
				61512A4327D5FE2F005B3477 /* BController.swift in Sources */,
				61512A2527D5FE0D005B3477 /* SceneDelegate.swift in Sources */,
			);
			runOnlyForDeploymentPostprocessing = 0;
		};
/* End PBXSourcesBuildPhase section */

/* Begin PBXVariantGroup section */
		61512A2827D5FE0D005B3477 /* Main.storyboard */ = {
			isa = PBXVariantGroup;
			children = (
				61512A2927D5FE0D005B3477 /* Base */,
			);
			name = Main.storyboard;
			sourceTree = "<group>";
		};
		61512A2D27D5FE0E005B3477 /* LaunchScreen.storyboard */ = {
			isa = PBXVariantGroup;
			children = (
				61512A2E27D5FE0E005B3477 /* Base */,
			);
			name = LaunchScreen.storyboard;
			sourceTree = "<group>";
		};
/* End PBXVariantGroup section */

/* Begin XCBuildConfiguration section */
		61512A3127D5FE0E005B3477 /* Debug */ = {
			isa = XCBuildConfiguration;
			buildSettings = {
				ALWAYS_SEARCH_USER_PATHS = NO;
				CLANG_ANALYZER_NONNULL = YES;
				CLANG_ANALYZER_NUMBER_OBJECT_CONVERSION = YES_AGGRESSIVE;
				CLANG_CXX_LANGUAGE_STANDARD = "gnu++17";
				CLANG_CXX_LIBRARY = "libc++";
				CLANG_ENABLE_MODULES = YES;
				CLANG_ENABLE_OBJC_ARC = YES;
				CLANG_ENABLE_OBJC_WEAK = YES;
				CLANG_WARN_BLOCK_CAPTURE_AUTORELEASING = YES;
				CLANG_WARN_BOOL_CONVERSION = YES;
				CLANG_WARN_COMMA = YES;
				CLANG_WARN_CONSTANT_CONVERSION = YES;
				CLANG_WARN_DEPRECATED_OBJC_IMPLEMENTATIONS = YES;
				CLANG_WARN_DIRECT_OBJC_ISA_USAGE = YES_ERROR;
				CLANG_WARN_DOCUMENTATION_COMMENTS = YES;
				CLANG_WARN_EMPTY_BODY = YES;
				CLANG_WARN_ENUM_CONVERSION = YES;
				CLANG_WARN_INFINITE_RECURSION = YES;
				CLANG_WARN_INT_CONVERSION = YES;
				CLANG_WARN_NON_LITERAL_NULL_CONVERSION = YES;
				CLANG_WARN_OBJC_IMPLICIT_RETAIN_SELF = YES;
				CLANG_WARN_OBJC_LITERAL_CONVERSION = YES;
				CLANG_WARN_OBJC_ROOT_CLASS = YES_ERROR;
				CLANG_WARN_QUOTED_INCLUDE_IN_FRAMEWORK_HEADER = YES;
				CLANG_WARN_RANGE_LOOP_ANALYSIS = YES;
				CLANG_WARN_STRICT_PROTOTYPES = YES;
				CLANG_WARN_SUSPICIOUS_MOVE = YES;
				CLANG_WARN_UNGUARDED_AVAILABILITY = YES_AGGRESSIVE;
				CLANG_WARN_UNREACHABLE_CODE = YES;
				CLANG_WARN__DUPLICATE_METHOD_MATCH = YES;
				COPY_PHASE_STRIP = NO;
				DEBUG_INFORMATION_FORMAT = dwarf;
				ENABLE_STRICT_OBJC_MSGSEND = YES;
				ENABLE_TESTABILITY = YES;
				GCC_C_LANGUAGE_STANDARD = gnu11;
				GCC_DYNAMIC_NO_PIC = NO;
				GCC_NO_COMMON_BLOCKS = YES;
				GCC_OPTIMIZATION_LEVEL = 0;
				GCC_PREPROCESSOR_DEFINITIONS = (
					"DEBUG=1",
					"$(inherited)",
				);
				GCC_WARN_64_TO_32_BIT_CONVERSION = YES;
				GCC_WARN_ABOUT_RETURN_TYPE = YES_ERROR;
				GCC_WARN_UNDECLARED_SELECTOR = YES;
				GCC_WARN_UNINITIALIZED_AUTOS = YES_AGGRESSIVE;
				GCC_WARN_UNUSED_FUNCTION = YES;
				GCC_WARN_UNUSED_VARIABLE = YES;
				IPHONEOS_DEPLOYMENT_TARGET = 15.2;
				MTL_ENABLE_DEBUG_INFO = INCLUDE_SOURCE;
				MTL_FAST_MATH = YES;
				ONLY_ACTIVE_ARCH = YES;
				SDKROOT = iphoneos;
				SWIFT_ACTIVE_COMPILATION_CONDITIONS = DEBUG;
				SWIFT_OPTIMIZATION_LEVEL = "-Onone";
			};
			name = Debug;
		};
		61512A3227D5FE0E005B3477 /* Release */ = {
			isa = XCBuildConfiguration;
			buildSettings = {
				ALWAYS_SEARCH_USER_PATHS = NO;
				CLANG_ANALYZER_NONNULL = YES;
				CLANG_ANALYZER_NUMBER_OBJECT_CONVERSION = YES_AGGRESSIVE;
				CLANG_CXX_LANGUAGE_STANDARD = "gnu++17";
				CLANG_CXX_LIBRARY = "libc++";
				CLANG_ENABLE_MODULES = YES;
				CLANG_ENABLE_OBJC_ARC = YES;
				CLANG_ENABLE_OBJC_WEAK = YES;
				CLANG_WARN_BLOCK_CAPTURE_AUTORELEASING = YES;
				CLANG_WARN_BOOL_CONVERSION = YES;
				CLANG_WARN_COMMA = YES;
				CLANG_WARN_CONSTANT_CONVERSION = YES;
				CLANG_WARN_DEPRECATED_OBJC_IMPLEMENTATIONS = YES;
				CLANG_WARN_DIRECT_OBJC_ISA_USAGE = YES_ERROR;
				CLANG_WARN_DOCUMENTATION_COMMENTS = YES;
				CLANG_WARN_EMPTY_BODY = YES;
				CLANG_WARN_ENUM_CONVERSION = YES;
				CLANG_WARN_INFINITE_RECURSION = YES;
				CLANG_WARN_INT_CONVERSION = YES;
				CLANG_WARN_NON_LITERAL_NULL_CONVERSION = YES;
				CLANG_WARN_OBJC_IMPLICIT_RETAIN_SELF = YES;
				CLANG_WARN_OBJC_LITERAL_CONVERSION = YES;
				CLANG_WARN_OBJC_ROOT_CLASS = YES_ERROR;
				CLANG_WARN_QUOTED_INCLUDE_IN_FRAMEWORK_HEADER = YES;
				CLANG_WARN_RANGE_LOOP_ANALYSIS = YES;
				CLANG_WARN_STRICT_PROTOTYPES = YES;
				CLANG_WARN_SUSPICIOUS_MOVE = YES;
				CLANG_WARN_UNGUARDED_AVAILABILITY = YES_AGGRESSIVE;
				CLANG_WARN_UNREACHABLE_CODE = YES;
				CLANG_WARN__DUPLICATE_METHOD_MATCH = YES;
				COPY_PHASE_STRIP = NO;
				DEBUG_INFORMATION_FORMAT = "dwarf-with-dsym";
				ENABLE_NS_ASSERTIONS = NO;
				ENABLE_STRICT_OBJC_MSGSEND = YES;
				GCC_C_LANGUAGE_STANDARD = gnu11;
				GCC_NO_COMMON_BLOCKS = YES;
				GCC_WARN_64_TO_32_BIT_CONVERSION = YES;
				GCC_WARN_ABOUT_RETURN_TYPE = YES_ERROR;
				GCC_WARN_UNDECLARED_SELECTOR = YES;
				GCC_WARN_UNINITIALIZED_AUTOS = YES_AGGRESSIVE;
				GCC_WARN_UNUSED_FUNCTION = YES;
				GCC_WARN_UNUSED_VARIABLE = YES;
				IPHONEOS_DEPLOYMENT_TARGET = 15.2;
				MTL_ENABLE_DEBUG_INFO = NO;
				MTL_FAST_MATH = YES;
				SDKROOT = iphoneos;
				SWIFT_COMPILATION_MODE = wholemodule;
				SWIFT_OPTIMIZATION_LEVEL = "-O";
				VALIDATE_PRODUCT = YES;
			};
			name = Release;
		};
		61512A3427D5FE0E005B3477 /* Debug */ = {
			isa = XCBuildConfiguration;
			buildSettings = {
				ASSETCATALOG_COMPILER_APPICON_NAME = AppIcon;
				ASSETCATALOG_COMPILER_GLOBAL_ACCENT_COLOR_NAME = AccentColor;
				CODE_SIGN_STYLE = Automatic;
				CURRENT_PROJECT_VERSION = 1;
				DEVELOPMENT_TEAM = TWTWA4ED9L;
				GENERATE_INFOPLIST_FILE = YES;
				INFOPLIST_FILE = MVCManager/Info.plist;
				INFOPLIST_KEY_UIApplicationSupportsIndirectInputEvents = YES;
				INFOPLIST_KEY_UILaunchStoryboardName = LaunchScreen;
				INFOPLIST_KEY_UIMainStoryboardFile = Main;
				INFOPLIST_KEY_UISupportedInterfaceOrientations_iPad = "UIInterfaceOrientationPortrait UIInterfaceOrientationPortraitUpsideDown UIInterfaceOrientationLandscapeLeft UIInterfaceOrientationLandscapeRight";
				INFOPLIST_KEY_UISupportedInterfaceOrientations_iPhone = "UIInterfaceOrientationPortrait UIInterfaceOrientationLandscapeLeft UIInterfaceOrientationLandscapeRight";
				LD_RUNPATH_SEARCH_PATHS = (
					"$(inherited)",
					"@executable_path/Frameworks",
				);
				MARKETING_VERSION = 1.0;
				PRODUCT_BUNDLE_IDENTIFIER = com.zh.MVCManager;
				PRODUCT_NAME = "$(TARGET_NAME)";
				SWIFT_EMIT_LOC_STRINGS = YES;
				SWIFT_VERSION = 5.0;
				TARGETED_DEVICE_FAMILY = "1,2";
			};
			name = Debug;
		};
		61512A3527D5FE0E005B3477 /* Release */ = {
			isa = XCBuildConfiguration;
			buildSettings = {
				ASSETCATALOG_COMPILER_APPICON_NAME = AppIcon;
				ASSETCATALOG_COMPILER_GLOBAL_ACCENT_COLOR_NAME = AccentColor;
				CODE_SIGN_STYLE = Automatic;
				CURRENT_PROJECT_VERSION = 1;
				DEVELOPMENT_TEAM = TWTWA4ED9L;
				GENERATE_INFOPLIST_FILE = YES;
				INFOPLIST_FILE = MVCManager/Info.plist;
				INFOPLIST_KEY_UIApplicationSupportsIndirectInputEvents = YES;
				INFOPLIST_KEY_UILaunchStoryboardName = LaunchScreen;
				INFOPLIST_KEY_UIMainStoryboardFile = Main;
				INFOPLIST_KEY_UISupportedInterfaceOrientations_iPad = "UIInterfaceOrientationPortrait UIInterfaceOrientationPortraitUpsideDown UIInterfaceOrientationLandscapeLeft UIInterfaceOrientationLandscapeRight";
				INFOPLIST_KEY_UISupportedInterfaceOrientations_iPhone = "UIInterfaceOrientationPortrait UIInterfaceOrientationLandscapeLeft UIInterfaceOrientationLandscapeRight";
				LD_RUNPATH_SEARCH_PATHS = (
					"$(inherited)",
					"@executable_path/Frameworks",
				);
				MARKETING_VERSION = 1.0;
				PRODUCT_BUNDLE_IDENTIFIER = com.zh.MVCManager;
				PRODUCT_NAME = "$(TARGET_NAME)";
				SWIFT_EMIT_LOC_STRINGS = YES;
				SWIFT_VERSION = 5.0;
				TARGETED_DEVICE_FAMILY = "1,2";
			};
			name = Release;
		};
/* End XCBuildConfiguration section */

/* Begin XCConfigurationList section */
		61512A1A27D5FE0D005B3477 /* Build configuration list for PBXProject "MVCManager" */ = {
			isa = XCConfigurationList;
			buildConfigurations = (
				61512A3127D5FE0E005B3477 /* Debug */,
				61512A3227D5FE0E005B3477 /* Release */,
			);
			defaultConfigurationIsVisible = 0;
			defaultConfigurationName = Release;
		};
		61512A3327D5FE0E005B3477 /* Build configuration list for PBXNativeTarget "MVCManager" */ = {
			isa = XCConfigurationList;
			buildConfigurations = (
				61512A3427D5FE0E005B3477 /* Debug */,
				61512A3527D5FE0E005B3477 /* Release */,
			);
			defaultConfigurationIsVisible = 0;
			defaultConfigurationName = Release;
		};
/* End XCConfigurationList section */
	};
	rootObject = 61512A1727D5FE0D005B3477 /* Project object */;
}
